
Microsoft Visual Studio Solution File, Format Version 12.00
# Visual Studio Version 17
VisualStudioVersion = 17.0.32014.148
MinimumVisualStudioVersion = 10.0.40219.1
Project("{9A19103F-16F7-4668-BE54-9A1E7A4F7556}") = "HotelListing.API", "HotelListing.API\HotelListing.API.csproj", "{FB9F96D5-D3EC-4C8D-A223-86CBAF2147AF}"
EndProject
Project("{FAE04EC0-301F-11D3-BF4B-00C04F79EFBC}") = "HotelListing.API.Data", "HotelListing.Data\HotelListing.API.Data.csproj", "{6A352446-818E-49F2-92D0-8DBFA3F28DE3}"
EndProject
Project("{FAE04EC0-301F-11D3-BF4B-00C04F79EFBC}") = "HotelListing.API.Core", "HotelListing.API.Core\HotelListing.API.Core.csproj", "{81F0348B-7EA9-44B8-AD9A-41D0763E7B33}"
EndProject
Global
	GlobalSection(SolutionConfigurationPlatforms) = preSolution
		Debug|Any CPU = Debug|Any CPU
		Release|Any CPU = Release|Any CPU
	EndGlobalSection
	GlobalSection(ProjectConfigurationPlatforms) = postSolution
		{FB9F96D5-D3EC-4C8D-A223-86CBAF2147AF}.Debug|Any CPU.ActiveCfg = Debug|Any CPU
		{FB9F96D5-D3EC-4C8D-A223-86CBAF2147AF}.Debug|Any CPU.Build.0 = Debug|Any CPU
		{FB9F96D5-D3EC-4C8D-A223-86CBAF2147AF}.Release|Any CPU.ActiveCfg = Release|Any CPU
		{FB9F96D5-D3EC-4C8D-A223-86CBAF2147AF}.Release|Any CPU.Build.0 = Release|Any CPU
		{6A352446-818E-49F2-92D0-8DBFA3F28DE3}.Debug|Any CPU.ActiveCfg = Debug|Any CPU
		{6A352446-818E-49F2-92D0-8DBFA3F28DE3}.Debug|Any CPU.Build.0 = Debug|Any CPU
		{6A352446-818E-49F2-92D0-8DBFA3F28DE3}.Release|Any CPU.ActiveCfg = Release|Any CPU
		{6A352446-818E-49F2-92D0-8DBFA3F28DE3}.Release|Any CPU.Build.0 = Release|Any CPU
		{81F0348B-7EA9-44B8-AD9A-41D0763E7B33}.Debug|Any CPU.ActiveCfg = Debug|Any CPU
		{81F0348B-7EA9-44B8-AD9A-41D0763E7B33}.Debug|Any CPU.Build.0 = Debug|Any CPU
		{81F0348B-7EA9-44B8-AD9A-41D0763E7B33}.Release|Any CPU.ActiveCfg = Release|Any CPU
		{81F0348B-7EA9-44B8-AD9A-41D0763E7B33}.Release|Any CPU.Build.0 = Release|Any CPU
	EndGlobalSection
	GlobalSection(SolutionProperties) = preSolution
		HideSolutionNode = FALSE
	EndGlobalSection
	GlobalSection(ExtensibilityGlobals) = postSolution
		SolutionGuid = {89A3B3EB-836E-48E2-B1FE-BD82C5D60F88}
	EndGlobalSection
EndGlobal
